// !$*UTF8*$!
{
	archiveVersion = 1;
	classes = {
	};
	objectVersion = 52;
	objects = {

/* Begin PBXBuildFile section */
		CF00F11D25F60816009A9FDF /* GameDetailPage.swift in Sources */ = {isa = PBXBuildFile; fileRef = CF00F11C25F60816009A9FDF /* GameDetailPage.swift */; };
		CF00F12125F678C2009A9FDF /* GameDetail.swift in Sources */ = {isa = PBXBuildFile; fileRef = CF00F12025F678C2009A9FDF /* GameDetail.swift */; };
		CF22E44625F9CB2800A6415E /* ProfilePage.swift in Sources */ = {isa = PBXBuildFile; fileRef = CF22E44525F9CB2800A6415E /* ProfilePage.swift */; };
		CF3D58F32753379D00529B8C /* LICENSE in Resources */ = {isa = PBXBuildFile; fileRef = CF3D58F12753379D00529B8C /* LICENSE */; };
		CF3D58F42753379D00529B8C /* README.md in Resources */ = {isa = PBXBuildFile; fileRef = CF3D58F22753379D00529B8C /* README.md */; };
		CF3D58F62753384800529B8C /* .swiftlint.yml in Resources */ = {isa = PBXBuildFile; fileRef = CF3D58F52753384800529B8C /* .swiftlint.yml */; };
		CF3D58FA2753431400529B8C /* Config.swift in Sources */ = {isa = PBXBuildFile; fileRef = CF3D58F92753431400529B8C /* Config.swift */; };
		CF3D58FC275343AA00529B8C /* Configurations.swift in Sources */ = {isa = PBXBuildFile; fileRef = CF3D58FB275343AA00529B8C /* Configurations.swift */; };
		CF4645BA260104CF00E84A6F /* ProfileModel.swift in Sources */ = {isa = PBXBuildFile; fileRef = CF4645B9260104CF00E84A6F /* ProfileModel.swift */; };
		CF4645BD2601073700E84A6F /* EditProfilePage.swift in Sources */ = {isa = PBXBuildFile; fileRef = CF4645BC2601073700E84A6F /* EditProfilePage.swift */; };
		CF497D2725FFA6C400BD786E /* FavoriteGame.xcdatamodeld in Sources */ = {isa = PBXBuildFile; fileRef = CF497D2525FFA6C400BD786E /* FavoriteGame.xcdatamodeld */; };
		CF497D2A25FFA75200BD786E /* GameProvider.swift in Sources */ = {isa = PBXBuildFile; fileRef = CF497D2925FFA75200BD786E /* GameProvider.swift */; };
		CF497D2E25FFB61500BD786E /* FavoriteViewModel.swift in Sources */ = {isa = PBXBuildFile; fileRef = CF497D2D25FFB61500BD786E /* FavoriteViewModel.swift */; };
		CF497D3125FFB77600BD786E /* FavoritePage.swift in Sources */ = {isa = PBXBuildFile; fileRef = CF497D3025FFB77600BD786E /* FavoritePage.swift */; };
		CF83415225F8DBEE00FA75E0 /* Extensions.swift in Sources */ = {isa = PBXBuildFile; fileRef = CF83415125F8DBEE00FA75E0 /* Extensions.swift */; };
		CF83416925F930A400FA75E0 /* SearchBarView.swift in Sources */ = {isa = PBXBuildFile; fileRef = CF83416825F930A400FA75E0 /* SearchBarView.swift */; };
		CF8E538F25F48AF700195CD7 /* AppDelegate.swift in Sources */ = {isa = PBXBuildFile; fileRef = CF8E538E25F48AF700195CD7 /* AppDelegate.swift */; };
		CF8E539125F48AF700195CD7 /* SceneDelegate.swift in Sources */ = {isa = PBXBuildFile; fileRef = CF8E539025F48AF700195CD7 /* SceneDelegate.swift */; };
		CF8E539325F48AF700195CD7 /* ContentView.swift in Sources */ = {isa = PBXBuildFile; fileRef = CF8E539225F48AF700195CD7 /* ContentView.swift */; };
		CF8E539525F48AF800195CD7 /* Assets.xcassets in Resources */ = {isa = PBXBuildFile; fileRef = CF8E539425F48AF800195CD7 /* Assets.xcassets */; };
		CF8E539825F48AF800195CD7 /* Preview Assets.xcassets in Resources */ = {isa = PBXBuildFile; fileRef = CF8E539725F48AF800195CD7 /* Preview Assets.xcassets */; };
		CF8E539B25F48AF800195CD7 /* LaunchScreen.storyboard in Resources */ = {isa = PBXBuildFile; fileRef = CF8E539925F48AF800195CD7 /* LaunchScreen.storyboard */; };
		CF8E53A525F48B8200195CD7 /* Game.swift in Sources */ = {isa = PBXBuildFile; fileRef = CF8E53A425F48B8200195CD7 /* Game.swift */; };
		CF8E53AA25F4917300195CD7 /* GameService.swift in Sources */ = {isa = PBXBuildFile; fileRef = CF8E53A925F4917300195CD7 /* GameService.swift */; };
		CF8E53B025F4BCE500195CD7 /* HomeViewModel.swift in Sources */ = {isa = PBXBuildFile; fileRef = CF8E53AF25F4BCE500195CD7 /* HomeViewModel.swift */; };
		CF8E53B425F4C7D800195CD7 /* HomePage.swift in Sources */ = {isa = PBXBuildFile; fileRef = CF8E53B325F4C7D800195CD7 /* HomePage.swift */; };
		CF8E53B825F4CD3400195CD7 /* GameRow.swift in Sources */ = {isa = PBXBuildFile; fileRef = CF8E53B725F4CD3400195CD7 /* GameRow.swift */; };
		CFA6B76525F5D63A00CD8D76 /* RundedCorners.swift in Sources */ = {isa = PBXBuildFile; fileRef = CFA6B76425F5D63A00CD8D76 /* RundedCorners.swift */; };
		CFA6B76A25F5E3D300CD8D76 /* Kingfisher in Frameworks */ = {isa = PBXBuildFile; productRef = CFA6B76925F5E3D300CD8D76 /* Kingfisher */; };
		CFCC4FDE25F87657001B839A /* GameDetailViewModel.swift in Sources */ = {isa = PBXBuildFile; fileRef = CFCC4FDD25F87657001B839A /* GameDetailViewModel.swift */; };
		CFDA5C9B2601F09E0042C128 /* ImagePicker.swift in Sources */ = {isa = PBXBuildFile; fileRef = CFDA5C9A2601F09E0042C128 /* ImagePicker.swift */; };
		CFFF94212604B63D00BE5653 /* GameDetailView.swift in Sources */ = {isa = PBXBuildFile; fileRef = CFFF94202604B63D00BE5653 /* GameDetailView.swift */; };
		CFFF94242604B81300BE5653 /* HomeGameList.swift in Sources */ = {isa = PBXBuildFile; fileRef = CFFF94232604B81300BE5653 /* HomeGameList.swift */; };
/* End PBXBuildFile section */

/* Begin PBXFileReference section */
		CF00F11C25F60816009A9FDF /* GameDetailPage.swift */ = {isa = PBXFileReference; lastKnownFileType = sourcecode.swift; path = GameDetailPage.swift; sourceTree = "<group>"; };
		CF00F12025F678C2009A9FDF /* GameDetail.swift */ = {isa = PBXFileReference; lastKnownFileType = sourcecode.swift; path = GameDetail.swift; sourceTree = "<group>"; };
		CF22E44525F9CB2800A6415E /* ProfilePage.swift */ = {isa = PBXFileReference; lastKnownFileType = sourcecode.swift; path = ProfilePage.swift; sourceTree = "<group>"; };
		CF3D58F12753379D00529B8C /* LICENSE */ = {isa = PBXFileReference; fileEncoding = 4; lastKnownFileType = text; path = LICENSE; sourceTree = SOURCE_ROOT; };
		CF3D58F22753379D00529B8C /* README.md */ = {isa = PBXFileReference; fileEncoding = 4; lastKnownFileType = net.daringfireball.markdown; path = README.md; sourceTree = SOURCE_ROOT; };
		CF3D58F52753384800529B8C /* .swiftlint.yml */ = {isa = PBXFileReference; fileEncoding = 4; lastKnownFileType = text.yaml; path = .swiftlint.yml; sourceTree = "<group>"; };
		CF3D58F92753431400529B8C /* Config.swift */ = {isa = PBXFileReference; lastKnownFileType = sourcecode.swift; path = Config.swift; sourceTree = "<group>"; };
		CF3D58FB275343AA00529B8C /* Configurations.swift */ = {isa = PBXFileReference; lastKnownFileType = sourcecode.swift; path = Configurations.swift; sourceTree = "<group>"; };
		CF4645B9260104CF00E84A6F /* ProfileModel.swift */ = {isa = PBXFileReference; lastKnownFileType = sourcecode.swift; path = ProfileModel.swift; sourceTree = "<group>"; };
		CF4645BC2601073700E84A6F /* EditProfilePage.swift */ = {isa = PBXFileReference; lastKnownFileType = sourcecode.swift; path = EditProfilePage.swift; sourceTree = "<group>"; };
		CF497D2625FFA6C400BD786E /* FavoriteGame.xcdatamodel */ = {isa = PBXFileReference; lastKnownFileType = wrapper.xcdatamodel; path = FavoriteGame.xcdatamodel; sourceTree = "<group>"; };
		CF497D2925FFA75200BD786E /* GameProvider.swift */ = {isa = PBXFileReference; lastKnownFileType = sourcecode.swift; path = GameProvider.swift; sourceTree = "<group>"; };
		CF497D2D25FFB61500BD786E /* FavoriteViewModel.swift */ = {isa = PBXFileReference; lastKnownFileType = sourcecode.swift; path = FavoriteViewModel.swift; sourceTree = "<group>"; };
		CF497D3025FFB77600BD786E /* FavoritePage.swift */ = {isa = PBXFileReference; lastKnownFileType = sourcecode.swift; path = FavoritePage.swift; sourceTree = "<group>"; };
		CF83415125F8DBEE00FA75E0 /* Extensions.swift */ = {isa = PBXFileReference; lastKnownFileType = sourcecode.swift; path = Extensions.swift; sourceTree = "<group>"; };
		CF83416825F930A400FA75E0 /* SearchBarView.swift */ = {isa = PBXFileReference; lastKnownFileType = sourcecode.swift; path = SearchBarView.swift; sourceTree = "<group>"; };
		CF8E538B25F48AF700195CD7 /* GGGaming.app */ = {isa = PBXFileReference; explicitFileType = wrapper.application; includeInIndex = 0; path = GGGaming.app; sourceTree = BUILT_PRODUCTS_DIR; };
		CF8E538E25F48AF700195CD7 /* AppDelegate.swift */ = {isa = PBXFileReference; lastKnownFileType = sourcecode.swift; path = AppDelegate.swift; sourceTree = "<group>"; };
		CF8E539025F48AF700195CD7 /* SceneDelegate.swift */ = {isa = PBXFileReference; lastKnownFileType = sourcecode.swift; path = SceneDelegate.swift; sourceTree = "<group>"; };
		CF8E539225F48AF700195CD7 /* ContentView.swift */ = {isa = PBXFileReference; lastKnownFileType = sourcecode.swift; path = ContentView.swift; sourceTree = "<group>"; };
		CF8E539425F48AF800195CD7 /* Assets.xcassets */ = {isa = PBXFileReference; lastKnownFileType = folder.assetcatalog; path = Assets.xcassets; sourceTree = "<group>"; };
		CF8E539725F48AF800195CD7 /* Preview Assets.xcassets */ = {isa = PBXFileReference; lastKnownFileType = folder.assetcatalog; path = "Preview Assets.xcassets"; sourceTree = "<group>"; };
		CF8E539A25F48AF800195CD7 /* Base */ = {isa = PBXFileReference; lastKnownFileType = file.storyboard; name = Base; path = Base.lproj/LaunchScreen.storyboard; sourceTree = "<group>"; };
		CF8E539C25F48AF800195CD7 /* Info.plist */ = {isa = PBXFileReference; lastKnownFileType = text.plist.xml; path = Info.plist; sourceTree = "<group>"; };
		CF8E53A425F48B8200195CD7 /* Game.swift */ = {isa = PBXFileReference; lastKnownFileType = sourcecode.swift; path = Game.swift; sourceTree = "<group>"; };
		CF8E53A925F4917300195CD7 /* GameService.swift */ = {isa = PBXFileReference; lastKnownFileType = sourcecode.swift; path = GameService.swift; sourceTree = "<group>"; };
		CF8E53AF25F4BCE500195CD7 /* HomeViewModel.swift */ = {isa = PBXFileReference; lastKnownFileType = sourcecode.swift; path = HomeViewModel.swift; sourceTree = "<group>"; };
		CF8E53B325F4C7D800195CD7 /* HomePage.swift */ = {isa = PBXFileReference; lastKnownFileType = sourcecode.swift; path = HomePage.swift; sourceTree = "<group>"; };
		CF8E53B725F4CD3400195CD7 /* GameRow.swift */ = {isa = PBXFileReference; lastKnownFileType = sourcecode.swift; path = GameRow.swift; sourceTree = "<group>"; };
		CFA6B76425F5D63A00CD8D76 /* RundedCorners.swift */ = {isa = PBXFileReference; lastKnownFileType = sourcecode.swift; path = RundedCorners.swift; sourceTree = "<group>"; };
		CFCC4FDD25F87657001B839A /* GameDetailViewModel.swift */ = {isa = PBXFileReference; lastKnownFileType = sourcecode.swift; path = GameDetailViewModel.swift; sourceTree = "<group>"; };
		CFDA5C9A2601F09E0042C128 /* ImagePicker.swift */ = {isa = PBXFileReference; lastKnownFileType = sourcecode.swift; path = ImagePicker.swift; sourceTree = "<group>"; };
		CFFF94202604B63D00BE5653 /* GameDetailView.swift */ = {isa = PBXFileReference; lastKnownFileType = sourcecode.swift; path = GameDetailView.swift; sourceTree = "<group>"; };
		CFFF94232604B81300BE5653 /* HomeGameList.swift */ = {isa = PBXFileReference; lastKnownFileType = sourcecode.swift; path = HomeGameList.swift; sourceTree = "<group>"; };
/* End PBXFileReference section */

/* Begin PBXFrameworksBuildPhase section */
		CF8E538825F48AF700195CD7 /* Frameworks */ = {
			isa = PBXFrameworksBuildPhase;
			buildActionMask = 2147483647;
			files = (
				CFA6B76A25F5E3D300CD8D76 /* Kingfisher in Frameworks */,
			);
			runOnlyForDeploymentPostprocessing = 0;
		};
/* End PBXFrameworksBuildPhase section */

/* Begin PBXGroup section */
		CF00F11B25F6079C009A9FDF /* Detail */ = {
			isa = PBXGroup;
			children = (
				CF00F11C25F60816009A9FDF /* GameDetailPage.swift */,
				CFCC4FDD25F87657001B839A /* GameDetailViewModel.swift */,
				CFFF94202604B63D00BE5653 /* GameDetailView.swift */,
			);
			path = Detail;
			sourceTree = "<group>";
		};
		CF22E44425F9CB0B00A6415E /* Profile */ = {
			isa = PBXGroup;
			children = (
				CF22E44525F9CB2800A6415E /* ProfilePage.swift */,
				CF4645BC2601073700E84A6F /* EditProfilePage.swift */,
			);
			path = Profile;
			sourceTree = "<group>";
		};
		CF497D2C25FFB5ED00BD786E /* Favorite */ = {
			isa = PBXGroup;
			children = (
				CF497D2D25FFB61500BD786E /* FavoriteViewModel.swift */,
				CF497D3025FFB77600BD786E /* FavoritePage.swift */,
			);
			path = Favorite;
			sourceTree = "<group>";
		};
		CF8E538225F48AF700195CD7 = {
			isa = PBXGroup;
			children = (
				CF3D58F12753379D00529B8C /* LICENSE */,
				CF3D58F22753379D00529B8C /* README.md */,
				CF3D58F52753384800529B8C /* .swiftlint.yml */,
				CF8E538D25F48AF700195CD7 /* GGGaming */,
				CF8E538C25F48AF700195CD7 /* Products */,
			);
			sourceTree = "<group>";
		};
		CF8E538C25F48AF700195CD7 /* Products */ = {
			isa = PBXGroup;
			children = (
				CF8E538B25F48AF700195CD7 /* GGGaming.app */,
			);
			name = Products;
			sourceTree = "<group>";
		};
		CF8E538D25F48AF700195CD7 /* GGGaming */ = {
			isa = PBXGroup;
			children = (
				CFD7C65225FA065700C801FE /* Base */,
				CFA6B76325F5D58400CD8D76 /* Utils */,
				CF8E53A825F4912100195CD7 /* Services */,
				CF8E53A325F48B6400195CD7 /* Models */,
				CF8E53AD25F4BBD200195CD7 /* View */,
				CF8E539925F48AF800195CD7 /* LaunchScreen.storyboard */,
				CF8E539425F48AF800195CD7 /* Assets.xcassets */,
				CF8E539C25F48AF800195CD7 /* Info.plist */,
				CF8E539625F48AF800195CD7 /* Preview Content */,
			);
			path = GGGaming;
			sourceTree = "<group>";
		};
		CF8E539625F48AF800195CD7 /* Preview Content */ = {
			isa = PBXGroup;
			children = (
				CF8E539725F48AF800195CD7 /* Preview Assets.xcassets */,
			);
			path = "Preview Content";
			sourceTree = "<group>";
		};
		CF8E53A325F48B6400195CD7 /* Models */ = {
			isa = PBXGroup;
			children = (
				CF8E53A425F48B8200195CD7 /* Game.swift */,
				CF00F12025F678C2009A9FDF /* GameDetail.swift */,
				CF497D2525FFA6C400BD786E /* FavoriteGame.xcdatamodeld */,
				CF497D2925FFA75200BD786E /* GameProvider.swift */,
				CF4645B9260104CF00E84A6F /* ProfileModel.swift */,
			);
			path = Models;
			sourceTree = "<group>";
		};
		CF8E53A825F4912100195CD7 /* Services */ = {
			isa = PBXGroup;
			children = (
				CF8E53A925F4917300195CD7 /* GameService.swift */,
				CF3D58F92753431400529B8C /* Config.swift */,
				CF3D58FB275343AA00529B8C /* Configurations.swift */,
			);
			path = Services;
			sourceTree = "<group>";
		};
		CF8E53AD25F4BBD200195CD7 /* View */ = {
			isa = PBXGroup;
			children = (
				CF497D2C25FFB5ED00BD786E /* Favorite */,
				CF22E44425F9CB0B00A6415E /* Profile */,
				CF00F11B25F6079C009A9FDF /* Detail */,
				CF8E53AE25F4BC1A00195CD7 /* Home */,
				CF8E539225F48AF700195CD7 /* ContentView.swift */,
			);
			path = View;
			sourceTree = "<group>";
		};
		CF8E53AE25F4BC1A00195CD7 /* Home */ = {
			isa = PBXGroup;
			children = (
				CF8E53B325F4C7D800195CD7 /* HomePage.swift */,
				CF8E53AF25F4BCE500195CD7 /* HomeViewModel.swift */,
				CF8E53B725F4CD3400195CD7 /* GameRow.swift */,
				CFFF94232604B81300BE5653 /* HomeGameList.swift */,
			);
			path = Home;
			sourceTree = "<group>";
		};
		CFA6B76325F5D58400CD8D76 /* Utils */ = {
			isa = PBXGroup;
			children = (
				CFA6B76425F5D63A00CD8D76 /* RundedCorners.swift */,
				CF83415125F8DBEE00FA75E0 /* Extensions.swift */,
				CF83416825F930A400FA75E0 /* SearchBarView.swift */,
				CFDA5C9A2601F09E0042C128 /* ImagePicker.swift */,
			);
			path = Utils;
			sourceTree = "<group>";
		};
		CFD7C65225FA065700C801FE /* Base */ = {
			isa = PBXGroup;
			children = (
				CF8E538E25F48AF700195CD7 /* AppDelegate.swift */,
				CF8E539025F48AF700195CD7 /* SceneDelegate.swift */,
			);
			path = Base;
			sourceTree = "<group>";
		};
/* End PBXGroup section */

/* Begin PBXNativeTarget section */
		CF8E538A25F48AF700195CD7 /* GGGaming */ = {
			isa = PBXNativeTarget;
			buildConfigurationList = CF8E539F25F48AF800195CD7 /* Build configuration list for PBXNativeTarget "GGGaming" */;
			buildPhases = (
				CF8E538725F48AF700195CD7 /* Sources */,
				CF8E538825F48AF700195CD7 /* Frameworks */,
				CF8E538925F48AF700195CD7 /* Resources */,
				CF22E45125F9D97A00A6415E /* SwiftLint */,
			);
			buildRules = (
			);
			dependencies = (
			);
			name = GGGaming;
			packageProductDependencies = (
				CFA6B76925F5E3D300CD8D76 /* Kingfisher */,
			);
			productName = GGGaming;
			productReference = CF8E538B25F48AF700195CD7 /* GGGaming.app */;
			productType = "com.apple.product-type.application";
		};
/* End PBXNativeTarget section */

/* Begin PBXProject section */
		CF8E538325F48AF700195CD7 /* Project object */ = {
			isa = PBXProject;
			attributes = {
				LastSwiftUpdateCheck = 1240;
				LastUpgradeCheck = 1240;
				TargetAttributes = {
					CF8E538A25F48AF700195CD7 = {
						CreatedOnToolsVersion = 12.4;
					};
				};
			};
			buildConfigurationList = CF8E538625F48AF700195CD7 /* Build configuration list for PBXProject "GGGaming" */;
			compatibilityVersion = "Xcode 9.3";
			developmentRegion = en;
			hasScannedForEncodings = 0;
			knownRegions = (
				en,
				Base,
			);
			mainGroup = CF8E538225F48AF700195CD7;
			packageReferences = (
				CFA6B76825F5E3D300CD8D76 /* XCRemoteSwiftPackageReference "Kingfisher" */,
			);
			productRefGroup = CF8E538C25F48AF700195CD7 /* Products */;
			projectDirPath = "";
			projectRoot = "";
			targets = (
				CF8E538A25F48AF700195CD7 /* GGGaming */,
			);
		};
/* End PBXProject section */

/* Begin PBXResourcesBuildPhase section */
		CF8E538925F48AF700195CD7 /* Resources */ = {
			isa = PBXResourcesBuildPhase;
			buildActionMask = 2147483647;
			files = (
				CF3D58F62753384800529B8C /* .swiftlint.yml in Resources */,
				CF8E539B25F48AF800195CD7 /* LaunchScreen.storyboard in Resources */,
				CF8E539825F48AF800195CD7 /* Preview Assets.xcassets in Resources */,
				CF3D58F42753379D00529B8C /* README.md in Resources */,
				CF3D58F32753379D00529B8C /* LICENSE in Resources */,
				CF8E539525F48AF800195CD7 /* Assets.xcassets in Resources */,
			);
			runOnlyForDeploymentPostprocessing = 0;
		};
/* End PBXResourcesBuildPhase section */

/* Begin PBXShellScriptBuildPhase section */
		CF22E45125F9D97A00A6415E /* SwiftLint */ = {
			isa = PBXShellScriptBuildPhase;
			buildActionMask = 2147483647;
			files = (
			);
			inputFileListPaths = (
			);
			inputPaths = (
			);
			name = SwiftLint;
			outputFileListPaths = (
			);
			outputPaths = (
			);
			runOnlyForDeploymentPostprocessing = 0;
			shellPath = /bin/sh;
			shellScript = "if test -d \"/opt/homebrew/bin/\"; then\n  PATH=\"/opt/homebrew/bin/:${PATH}\"\nfi\n\nexport PATH\n\nif which swiftlint >/dev/null; then\n  swiftlint\nelse\n  echo \"warning: SwiftLint not installed, download from https://github.com/realm/SwiftLint\"\nfi\n";
		};
/* End PBXShellScriptBuildPhase section */

/* Begin PBXSourcesBuildPhase section */
		CF8E538725F48AF700195CD7 /* Sources */ = {
			isa = PBXSourcesBuildPhase;
			buildActionMask = 2147483647;
			files = (
				CF497D2E25FFB61500BD786E /* FavoriteViewModel.swift in Sources */,
				CF8E538F25F48AF700195CD7 /* AppDelegate.swift in Sources */,
				CFCC4FDE25F87657001B839A /* GameDetailViewModel.swift in Sources */,
				CF8E53B025F4BCE500195CD7 /* HomeViewModel.swift in Sources */,
				CF8E53B825F4CD3400195CD7 /* GameRow.swift in Sources */,
				CF00F11D25F60816009A9FDF /* GameDetailPage.swift in Sources */,
				CF8E539125F48AF700195CD7 /* SceneDelegate.swift in Sources */,
				CFDA5C9B2601F09E0042C128 /* ImagePicker.swift in Sources */,
				CF3D58FC275343AA00529B8C /* Configurations.swift in Sources */,
				CF8E53AA25F4917300195CD7 /* GameService.swift in Sources */,
				CFFF94212604B63D00BE5653 /* GameDetailView.swift in Sources */,
				CF8E539325F48AF700195CD7 /* ContentView.swift in Sources */,
				CF83415225F8DBEE00FA75E0 /* Extensions.swift in Sources */,
				CF3D58FA2753431400529B8C /* Config.swift in Sources */,
				CF8E53B425F4C7D800195CD7 /* HomePage.swift in Sources */,
				CF4645BD2601073700E84A6F /* EditProfilePage.swift in Sources */,
				CF83416925F930A400FA75E0 /* SearchBarView.swift in Sources */,
				CF497D2725FFA6C400BD786E /* FavoriteGame.xcdatamodeld in Sources */,
				CFA6B76525F5D63A00CD8D76 /* RundedCorners.swift in Sources */,
				CF497D3125FFB77600BD786E /* FavoritePage.swift in Sources */,
				CF4645BA260104CF00E84A6F /* ProfileModel.swift in Sources */,
				CF22E44625F9CB2800A6415E /* ProfilePage.swift in Sources */,
				CFFF94242604B81300BE5653 /* HomeGameList.swift in Sources */,
				CF00F12125F678C2009A9FDF /* GameDetail.swift in Sources */,
				CF497D2A25FFA75200BD786E /* GameProvider.swift in Sources */,
				CF8E53A525F48B8200195CD7 /* Game.swift in Sources */,
			);
			runOnlyForDeploymentPostprocessing = 0;
		};
/* End PBXSourcesBuildPhase section */

/* Begin PBXVariantGroup section */
		CF8E539925F48AF800195CD7 /* LaunchScreen.storyboard */ = {
			isa = PBXVariantGroup;
			children = (
				CF8E539A25F48AF800195CD7 /* Base */,
			);
			name = LaunchScreen.storyboard;
			sourceTree = "<group>";
		};
/* End PBXVariantGroup section */

/* Begin XCBuildConfiguration section */
		CF8E539D25F48AF800195CD7 /* Debug */ = {
			isa = XCBuildConfiguration;
			buildSettings = {
				ALWAYS_SEARCH_USER_PATHS = NO;
				CLANG_ANALYZER_NONNULL = YES;
				CLANG_ANALYZER_NUMBER_OBJECT_CONVERSION = YES_AGGRESSIVE;
				CLANG_CXX_LANGUAGE_STANDARD = "gnu++14";
				CLANG_CXX_LIBRARY = "libc++";
				CLANG_ENABLE_MODULES = YES;
				CLANG_ENABLE_OBJC_ARC = YES;
				CLANG_ENABLE_OBJC_WEAK = YES;
				CLANG_WARN_BLOCK_CAPTURE_AUTORELEASING = YES;
				CLANG_WARN_BOOL_CONVERSION = YES;
				CLANG_WARN_COMMA = YES;
				CLANG_WARN_CONSTANT_CONVERSION = YES;
				CLANG_WARN_DEPRECATED_OBJC_IMPLEMENTATIONS = YES;
				CLANG_WARN_DIRECT_OBJC_ISA_USAGE = YES_ERROR;
				CLANG_WARN_DOCUMENTATION_COMMENTS = YES;
				CLANG_WARN_EMPTY_BODY = YES;
				CLANG_WARN_ENUM_CONVERSION = YES;
				CLANG_WARN_INFINITE_RECURSION = YES;
				CLANG_WARN_INT_CONVERSION = YES;
				CLANG_WARN_NON_LITERAL_NULL_CONVERSION = YES;
				CLANG_WARN_OBJC_IMPLICIT_RETAIN_SELF = YES;
				CLANG_WARN_OBJC_LITERAL_CONVERSION = YES;
				CLANG_WARN_OBJC_ROOT_CLASS = YES_ERROR;
				CLANG_WARN_QUOTED_INCLUDE_IN_FRAMEWORK_HEADER = YES;
				CLANG_WARN_RANGE_LOOP_ANALYSIS = YES;
				CLANG_WARN_STRICT_PROTOTYPES = YES;
				CLANG_WARN_SUSPICIOUS_MOVE = YES;
				CLANG_WARN_UNGUARDED_AVAILABILITY = YES_AGGRESSIVE;
				CLANG_WARN_UNREACHABLE_CODE = YES;
				CLANG_WARN__DUPLICATE_METHOD_MATCH = YES;
				COPY_PHASE_STRIP = NO;
				DEBUG_INFORMATION_FORMAT = dwarf;
				ENABLE_STRICT_OBJC_MSGSEND = YES;
				ENABLE_TESTABILITY = YES;
				GCC_C_LANGUAGE_STANDARD = gnu11;
				GCC_DYNAMIC_NO_PIC = NO;
				GCC_NO_COMMON_BLOCKS = YES;
				GCC_OPTIMIZATION_LEVEL = 0;
				GCC_PREPROCESSOR_DEFINITIONS = (
					"DEBUG=1",
					"$(inherited)",
				);
				GCC_WARN_64_TO_32_BIT_CONVERSION = YES;
				GCC_WARN_ABOUT_RETURN_TYPE = YES_ERROR;
				GCC_WARN_UNDECLARED_SELECTOR = YES;
				GCC_WARN_UNINITIALIZED_AUTOS = YES_AGGRESSIVE;
				GCC_WARN_UNUSED_FUNCTION = YES;
				GCC_WARN_UNUSED_VARIABLE = YES;
				IPHONEOS_DEPLOYMENT_TARGET = 14.4;
				MTL_ENABLE_DEBUG_INFO = INCLUDE_SOURCE;
				MTL_FAST_MATH = YES;
				ONLY_ACTIVE_ARCH = YES;
				SDKROOT = iphoneos;
				SWIFT_ACTIVE_COMPILATION_CONDITIONS = DEBUG;
				SWIFT_OPTIMIZATION_LEVEL = "-Onone";
			};
			name = Debug;
		};
		CF8E539E25F48AF800195CD7 /* Release */ = {
			isa = XCBuildConfiguration;
			buildSettings = {
				ALWAYS_SEARCH_USER_PATHS = NO;
				CLANG_ANALYZER_NONNULL = YES;
				CLANG_ANALYZER_NUMBER_OBJECT_CONVERSION = YES_AGGRESSIVE;
				CLANG_CXX_LANGUAGE_STANDARD = "gnu++14";
				CLANG_CXX_LIBRARY = "libc++";
				CLANG_ENABLE_MODULES = YES;
				CLANG_ENABLE_OBJC_ARC = YES;
				CLANG_ENABLE_OBJC_WEAK = YES;
				CLANG_WARN_BLOCK_CAPTURE_AUTORELEASING = YES;
				CLANG_WARN_BOOL_CONVERSION = YES;
				CLANG_WARN_COMMA = YES;
				CLANG_WARN_CONSTANT_CONVERSION = YES;
				CLANG_WARN_DEPRECATED_OBJC_IMPLEMENTATIONS = YES;
				CLANG_WARN_DIRECT_OBJC_ISA_USAGE = YES_ERROR;
				CLANG_WARN_DOCUMENTATION_COMMENTS = YES;
				CLANG_WARN_EMPTY_BODY = YES;
				CLANG_WARN_ENUM_CONVERSION = YES;
				CLANG_WARN_INFINITE_RECURSION = YES;
				CLANG_WARN_INT_CONVERSION = YES;
				CLANG_WARN_NON_LITERAL_NULL_CONVERSION = YES;
				CLANG_WARN_OBJC_IMPLICIT_RETAIN_SELF = YES;
				CLANG_WARN_OBJC_LITERAL_CONVERSION = YES;
				CLANG_WARN_OBJC_ROOT_CLASS = YES_ERROR;
				CLANG_WARN_QUOTED_INCLUDE_IN_FRAMEWORK_HEADER = YES;
				CLANG_WARN_RANGE_LOOP_ANALYSIS = YES;
				CLANG_WARN_STRICT_PROTOTYPES = YES;
				CLANG_WARN_SUSPICIOUS_MOVE = YES;
				CLANG_WARN_UNGUARDED_AVAILABILITY = YES_AGGRESSIVE;
				CLANG_WARN_UNREACHABLE_CODE = YES;
				CLANG_WARN__DUPLICATE_METHOD_MATCH = YES;
				COPY_PHASE_STRIP = NO;
				DEBUG_INFORMATION_FORMAT = "dwarf-with-dsym";
				ENABLE_NS_ASSERTIONS = NO;
				ENABLE_STRICT_OBJC_MSGSEND = YES;
				GCC_C_LANGUAGE_STANDARD = gnu11;
				GCC_NO_COMMON_BLOCKS = YES;
				GCC_WARN_64_TO_32_BIT_CONVERSION = YES;
				GCC_WARN_ABOUT_RETURN_TYPE = YES_ERROR;
				GCC_WARN_UNDECLARED_SELECTOR = YES;
				GCC_WARN_UNINITIALIZED_AUTOS = YES_AGGRESSIVE;
				GCC_WARN_UNUSED_FUNCTION = YES;
				GCC_WARN_UNUSED_VARIABLE = YES;
				IPHONEOS_DEPLOYMENT_TARGET = 14.4;
				MTL_ENABLE_DEBUG_INFO = NO;
				MTL_FAST_MATH = YES;
				SDKROOT = iphoneos;
				SWIFT_COMPILATION_MODE = wholemodule;
				SWIFT_OPTIMIZATION_LEVEL = "-O";
				VALIDATE_PRODUCT = YES;
			};
			name = Release;
		};
		CF8E53A025F48AF800195CD7 /* Debug */ = {
			isa = XCBuildConfiguration;
			buildSettings = {
				ASSETCATALOG_COMPILER_APPICON_NAME = AppIcon;
				ASSETCATALOG_COMPILER_GLOBAL_ACCENT_COLOR_NAME = AccentColor;
				CODE_SIGN_STYLE = Automatic;
				DEVELOPMENT_ASSET_PATHS = "\"GGGaming/Preview Content\"";
				DEVELOPMENT_TEAM = KRF6V32MMS;
				ENABLE_PREVIEWS = YES;
				INFOPLIST_FILE = GGGaming/Info.plist;
				LD_RUNPATH_SEARCH_PATHS = (
					"$(inherited)",
					"@executable_path/Frameworks",
				);
				PRODUCT_BUNDLE_IDENTIFIER = com.agustiyan.GGGaming;
				PRODUCT_NAME = "$(TARGET_NAME)";
				SWIFT_VERSION = 5.0;
				TARGETED_DEVICE_FAMILY = "1,2";
			};
			name = Debug;
		};
		CF8E53A125F48AF800195CD7 /* Release */ = {
			isa = XCBuildConfiguration;
			buildSettings = {
				ASSETCATALOG_COMPILER_APPICON_NAME = AppIcon;
				ASSETCATALOG_COMPILER_GLOBAL_ACCENT_COLOR_NAME = AccentColor;
				CODE_SIGN_STYLE = Automatic;
				DEVELOPMENT_ASSET_PATHS = "\"GGGaming/Preview Content\"";
				DEVELOPMENT_TEAM = KRF6V32MMS;
				ENABLE_PREVIEWS = YES;
				INFOPLIST_FILE = GGGaming/Info.plist;
				LD_RUNPATH_SEARCH_PATHS = (
					"$(inherited)",
					"@executable_path/Frameworks",
				);
				PRODUCT_BUNDLE_IDENTIFIER = com.agustiyan.GGGaming;
				PRODUCT_NAME = "$(TARGET_NAME)";
				SWIFT_VERSION = 5.0;
				TARGETED_DEVICE_FAMILY = "1,2";
			};
			name = Release;
		};
/* End XCBuildConfiguration section */

/* Begin XCConfigurationList section */
		CF8E538625F48AF700195CD7 /* Build configuration list for PBXProject "GGGaming" */ = {
			isa = XCConfigurationList;
			buildConfigurations = (
				CF8E539D25F48AF800195CD7 /* Debug */,
				CF8E539E25F48AF800195CD7 /* Release */,
			);
			defaultConfigurationIsVisible = 0;
			defaultConfigurationName = Release;
		};
		CF8E539F25F48AF800195CD7 /* Build configuration list for PBXNativeTarget "GGGaming" */ = {
			isa = XCConfigurationList;
			buildConfigurations = (
				CF8E53A025F48AF800195CD7 /* Debug */,
				CF8E53A125F48AF800195CD7 /* Release */,
			);
			defaultConfigurationIsVisible = 0;
			defaultConfigurationName = Release;
		};
/* End XCConfigurationList section */

/* Begin XCRemoteSwiftPackageReference section */
		CFA6B76825F5E3D300CD8D76 /* XCRemoteSwiftPackageReference "Kingfisher" */ = {
			isa = XCRemoteSwiftPackageReference;
			repositoryURL = "https://github.com/onevcat/Kingfisher";
			requirement = {
				kind = upToNextMajorVersion;
				minimumVersion = 6.1.1;
			};
		};
/* End XCRemoteSwiftPackageReference section */

/* Begin XCSwiftPackageProductDependency section */
		CFA6B76925F5E3D300CD8D76 /* Kingfisher */ = {
			isa = XCSwiftPackageProductDependency;
			package = CFA6B76825F5E3D300CD8D76 /* XCRemoteSwiftPackageReference "Kingfisher" */;
			productName = Kingfisher;
		};
/* End XCSwiftPackageProductDependency section */

/* Begin XCVersionGroup section */
		CF497D2525FFA6C400BD786E /* FavoriteGame.xcdatamodeld */ = {
			isa = XCVersionGroup;
			children = (
				CF497D2625FFA6C400BD786E /* FavoriteGame.xcdatamodel */,
			);
			currentVersion = CF497D2625FFA6C400BD786E /* FavoriteGame.xcdatamodel */;
			path = FavoriteGame.xcdatamodeld;
			sourceTree = "<group>";
			versionGroupType = wrapper.xcdatamodel;
		};
/* End XCVersionGroup section */
	};
	rootObject = CF8E538325F48AF700195CD7 /* Project object */;
}
